{
  "_meta": {
    "hash": {
      "sha256": "0917b51635aa96ace981678b22ea817619fd4113a78afe4c2935281268631b7e"
    },
    "pipfile-spec": 6,
    "requires": {
      "python_version": "3.9"
    },
    "sources": [
      {
        "name": "pypi",
        "url": "https://pypi.org/simple",
        "verify_ssl": true
      }
    ]
  },
  "default": {
    "contextlib2": {
      "hashes": [
        "sha256:3fbdb64466afd23abaf6c977627b75b6139a5a3e8ce38405c5b413aed7a0471f",
        "sha256:ab1e2bfe1d01d968e1b7e8d9023bc51ef3509bba217bb730cee3827e1ee82869"
      ],
      "markers": "python_version >= '3.6'",
      "version": "==21.6.0"
    },
    "cowsay": {
      "hashes": [
        "sha256:274b1e6fc1b966d53976333eb90ac94cb07a450a700b455af9fbdf882244b30a"
      ],
      "index": "pypi",
      "markers": "python_version >= '3.8'",
      "version": "==6.1"
    },
    "docopt": {
      "hashes": [
        "sha256:49b3a825280bd66b3aa83585ef59c4a8c82f2c8a522dbe754a8bc8d08c85c491"
      ],
      "version": "==0.6.2"
    },
    "example": {
      "file": "https://github.com/cisagov/skeleton-python-library/archive/v0.1.0.tar.gz"
    },
    "schema": {
      "hashes": [
        "sha256:f06717112c61895cabc4707752b88716e8420a8819d71404501e114f91043197",
        "sha256:f3ffdeeada09ec34bf40d7d79996d9f7175db93b7a5065de0faa7f41083c1e6c"
      ],
      "version": "==0.7.5"
    },
    "setuptools": {
      "hashes": [
        "sha256:4ac1475276d2f1c48684874089fefcd83bd7162ddaafb81fac866ba0db282a87",
        "sha256:b454a35605876da60632df1a60f736524eb73cc47bbc9f3f1ef1b644de74fd2a"
      ],
      "markers": "python_version >= '3.8'",
      "version": "==68.2.2"
    }
  },
  "develop": {}
}
